// !$*UTF8*$!
{
	archiveVersion = 1;
	classes = {
	};
	objectVersion = 46;
	objects = {

/* Begin PBXBuildFile section */
		274A3DDB1B2374CF00D8584E /* sprites.atlas in Resources */ = {isa = PBXBuildFile; fileRef = 274A3DDA1B2374CF00D8584E /* sprites.atlas */; };
		274A3DE21B239EAB00D8584E /* background1.png in Resources */ = {isa = PBXBuildFile; fileRef = 274A3DDD1B239EAB00D8584E /* background1.png */; };
		274A3DE31B239EAB00D8584E /* background2.png in Resources */ = {isa = PBXBuildFile; fileRef = 274A3DDE1B239EAB00D8584E /* background2.png */; };
		274A3DE41B239EAB00D8584E /* MainMenu.png in Resources */ = {isa = PBXBuildFile; fileRef = 274A3DDF1B239EAB00D8584E /* MainMenu.png */; };
		274A3DE51B239EAB00D8584E /* YouLose.png in Resources */ = {isa = PBXBuildFile; fileRef = 274A3DE01B239EAB00D8584E /* YouLose.png */; };
		274A3DE61B239EAB00D8584E /* YouWin.png in Resources */ = {isa = PBXBuildFile; fileRef = 274A3DE11B239EAB00D8584E /* YouWin.png */; };
		27EC3D841B228003004042B2 /* AppDelegate.swift in Sources */ = {isa = PBXBuildFile; fileRef = 27EC3D831B228003004042B2 /* AppDelegate.swift */; };
		27EC3D881B228003004042B2 /* GameScene.swift in Sources */ = {isa = PBXBuildFile; fileRef = 27EC3D871B228003004042B2 /* GameScene.swift */; };
		27EC3D8A1B228003004042B2 /* GameViewController.swift in Sources */ = {isa = PBXBuildFile; fileRef = 27EC3D891B228003004042B2 /* GameViewController.swift */; };
		27EC3D8D1B228003004042B2 /* Main.storyboard in Resources */ = {isa = PBXBuildFile; fileRef = 27EC3D8B1B228003004042B2 /* Main.storyboard */; };
		27EC3D8F1B228003004042B2 /* Images.xcassets in Resources */ = {isa = PBXBuildFile; fileRef = 27EC3D8E1B228003004042B2 /* Images.xcassets */; };
		27EC3D921B228003004042B2 /* LaunchScreen.xib in Resources */ = {isa = PBXBuildFile; fileRef = 27EC3D901B228003004042B2 /* LaunchScreen.xib */; };
		27EC3D9E1B228004004042B2 /* ZombieCongaTests.swift in Sources */ = {isa = PBXBuildFile; fileRef = 27EC3D9D1B228004004042B2 /* ZombieCongaTests.swift */; };
/* End PBXBuildFile section */

/* Begin PBXContainerItemProxy section */
		27EC3D981B228004004042B2 /* PBXContainerItemProxy */ = {
			isa = PBXContainerItemProxy;
			containerPortal = 27EC3D761B228003004042B2 /* Project object */;
			proxyType = 1;
			remoteGlobalIDString = 27EC3D7D1B228003004042B2;
			remoteInfo = ZombieConga;
		};
/* End PBXContainerItemProxy section */

/* Begin PBXFileReference section */
		274A3DDA1B2374CF00D8584E /* sprites.atlas */ = {isa = PBXFileReference; lastKnownFileType = folder.skatlas; path = sprites.atlas; sourceTree = "<group>"; };
		274A3DDD1B239EAB00D8584E /* background1.png */ = {isa = PBXFileReference; lastKnownFileType = image.png; path = background1.png; sourceTree = "<group>"; };
		274A3DDE1B239EAB00D8584E /* background2.png */ = {isa = PBXFileReference; lastKnownFileType = image.png; path = background2.png; sourceTree = "<group>"; };
		274A3DDF1B239EAB00D8584E /* MainMenu.png */ = {isa = PBXFileReference; lastKnownFileType = image.png; path = MainMenu.png; sourceTree = "<group>"; };
		274A3DE01B239EAB00D8584E /* YouLose.png */ = {isa = PBXFileReference; lastKnownFileType = image.png; path = YouLose.png; sourceTree = "<group>"; };
		274A3DE11B239EAB00D8584E /* YouWin.png */ = {isa = PBXFileReference; lastKnownFileType = image.png; path = YouWin.png; sourceTree = "<group>"; };
		27EC3D7E1B228003004042B2 /* ZombieConga.app */ = {isa = PBXFileReference; explicitFileType = wrapper.application; includeInIndex = 0; path = ZombieConga.app; sourceTree = BUILT_PRODUCTS_DIR; };
		27EC3D821B228003004042B2 /* Info.plist */ = {isa = PBXFileReference; lastKnownFileType = text.plist.xml; path = Info.plist; sourceTree = "<group>"; };
		27EC3D831B228003004042B2 /* AppDelegate.swift */ = {isa = PBXFileReference; lastKnownFileType = sourcecode.swift; path = AppDelegate.swift; sourceTree = "<group>"; };
		27EC3D871B228003004042B2 /* GameScene.swift */ = {isa = PBXFileReference; lastKnownFileType = sourcecode.swift; path = GameScene.swift; sourceTree = "<group>"; };
		27EC3D891B228003004042B2 /* GameViewController.swift */ = {isa = PBXFileReference; lastKnownFileType = sourcecode.swift; path = GameViewController.swift; sourceTree = "<group>"; };
		27EC3D8C1B228003004042B2 /* Base */ = {isa = PBXFileReference; lastKnownFileType = file.storyboard; name = Base; path = Base.lproj/Main.storyboard; sourceTree = "<group>"; };
		27EC3D8E1B228003004042B2 /* Images.xcassets */ = {isa = PBXFileReference; lastKnownFileType = folder.assetcatalog; path = Images.xcassets; sourceTree = "<group>"; };
		27EC3D911B228003004042B2 /* Base */ = {isa = PBXFileReference; lastKnownFileType = file.xib; name = Base; path = Base.lproj/LaunchScreen.xib; sourceTree = "<group>"; };
		27EC3D971B228004004042B2 /* ZombieCongaTests.xctest */ = {isa = PBXFileReference; explicitFileType = wrapper.cfbundle; includeInIndex = 0; path = ZombieCongaTests.xctest; sourceTree = BUILT_PRODUCTS_DIR; };
		27EC3D9C1B228004004042B2 /* Info.plist */ = {isa = PBXFileReference; lastKnownFileType = text.plist.xml; path = Info.plist; sourceTree = "<group>"; };
		27EC3D9D1B228004004042B2 /* ZombieCongaTests.swift */ = {isa = PBXFileReference; lastKnownFileType = sourcecode.swift; path = ZombieCongaTests.swift; sourceTree = "<group>"; };
/* End PBXFileReference section */

/* Begin PBXFrameworksBuildPhase section */
		27EC3D7B1B228003004042B2 /* Frameworks */ = {
			isa = PBXFrameworksBuildPhase;
			buildActionMask = 2147483647;
			files = (
			);
			runOnlyForDeploymentPostprocessing = 0;
		};
		27EC3D941B228004004042B2 /* Frameworks */ = {
			isa = PBXFrameworksBuildPhase;
			buildActionMask = 2147483647;
			files = (
			);
			runOnlyForDeploymentPostprocessing = 0;
		};
/* End PBXFrameworksBuildPhase section */

/* Begin PBXGroup section */
		274A3DDC1B239E9500D8584E /* images */ = {
			isa = PBXGroup;
			children = (
				274A3DDD1B239EAB00D8584E /* background1.png */,
				274A3DDE1B239EAB00D8584E /* background2.png */,
				274A3DDF1B239EAB00D8584E /* MainMenu.png */,
				274A3DE01B239EAB00D8584E /* YouLose.png */,
				274A3DE11B239EAB00D8584E /* YouWin.png */,
			);
			name = images;
			sourceTree = "<group>";
		};
		27EC3D751B228003004042B2 = {
			isa = PBXGroup;
			children = (
				27EC3D801B228003004042B2 /* ZombieConga */,
				27EC3D9A1B228004004042B2 /* ZombieCongaTests */,
				27EC3D7F1B228003004042B2 /* Products */,
			);
			sourceTree = "<group>";
		};
		27EC3D7F1B228003004042B2 /* Products */ = {
			isa = PBXGroup;
			children = (
				27EC3D7E1B228003004042B2 /* ZombieConga.app */,
				27EC3D971B228004004042B2 /* ZombieCongaTests.xctest */,
			);
			name = Products;
			sourceTree = "<group>";
		};
		27EC3D801B228003004042B2 /* ZombieConga */ = {
			isa = PBXGroup;
			children = (
				274A3DDC1B239E9500D8584E /* images */,
				27EC3D831B228003004042B2 /* AppDelegate.swift */,
				27EC3D871B228003004042B2 /* GameScene.swift */,
				27EC3D891B228003004042B2 /* GameViewController.swift */,
				27EC3D8B1B228003004042B2 /* Main.storyboard */,
				27EC3D8E1B228003004042B2 /* Images.xcassets */,
				27EC3D901B228003004042B2 /* LaunchScreen.xib */,
				274A3DDA1B2374CF00D8584E /* sprites.atlas */,
				27EC3D811B228003004042B2 /* Supporting Files */,
			);
			path = ZombieConga;
			sourceTree = "<group>";
		};
		27EC3D811B228003004042B2 /* Supporting Files */ = {
			isa = PBXGroup;
			children = (
				27EC3D821B228003004042B2 /* Info.plist */,
			);
			name = "Supporting Files";
			sourceTree = "<group>";
		};
		27EC3D9A1B228004004042B2 /* ZombieCongaTests */ = {
			isa = PBXGroup;
			children = (
				27EC3D9D1B228004004042B2 /* ZombieCongaTests.swift */,
				27EC3D9B1B228004004042B2 /* Supporting Files */,
			);
			path = ZombieCongaTests;
			sourceTree = "<group>";
		};
		27EC3D9B1B228004004042B2 /* Supporting Files */ = {
			isa = PBXGroup;
			children = (
				27EC3D9C1B228004004042B2 /* Info.plist */,
			);
			name = "Supporting Files";
			sourceTree = "<group>";
		};
/* End PBXGroup section */

/* Begin PBXNativeTarget section */
		27EC3D7D1B228003004042B2 /* ZombieConga */ = {
			isa = PBXNativeTarget;
			buildConfigurationList = 27EC3DA11B228004004042B2 /* Build configuration list for PBXNativeTarget "ZombieConga" */;
			buildPhases = (
				27EC3D7A1B228003004042B2 /* Sources */,
				27EC3D7B1B228003004042B2 /* Frameworks */,
				27EC3D7C1B228003004042B2 /* Resources */,
			);
			buildRules = (
			);
			dependencies = (
			);
			name = ZombieConga;
			productName = ZombieConga;
			productReference = 27EC3D7E1B228003004042B2 /* ZombieConga.app */;
			productType = "com.apple.product-type.application";
		};
		27EC3D961B228004004042B2 /* ZombieCongaTests */ = {
			isa = PBXNativeTarget;
			buildConfigurationList = 27EC3DA41B228004004042B2 /* Build configuration list for PBXNativeTarget "ZombieCongaTests" */;
			buildPhases = (
				27EC3D931B228004004042B2 /* Sources */,
				27EC3D941B228004004042B2 /* Frameworks */,
				27EC3D951B228004004042B2 /* Resources */,
			);
			buildRules = (
			);
			dependencies = (
				27EC3D991B228004004042B2 /* PBXTargetDependency */,
			);
			name = ZombieCongaTests;
			productName = ZombieCongaTests;
			productReference = 27EC3D971B228004004042B2 /* ZombieCongaTests.xctest */;
			productType = "com.apple.product-type.bundle.unit-test";
		};
/* End PBXNativeTarget section */

/* Begin PBXProject section */
		27EC3D761B228003004042B2 /* Project object */ = {
			isa = PBXProject;
			attributes = {
				LastUpgradeCheck = 0630;
				ORGANIZATIONNAME = "Chris Archibald";
				TargetAttributes = {
					27EC3D7D1B228003004042B2 = {
						CreatedOnToolsVersion = 6.3.2;
					};
					27EC3D961B228004004042B2 = {
						CreatedOnToolsVersion = 6.3.2;
						TestTargetID = 27EC3D7D1B228003004042B2;
					};
				};
			};
			buildConfigurationList = 27EC3D791B228003004042B2 /* Build configuration list for PBXProject "ZombieConga" */;
			compatibilityVersion = "Xcode 3.2";
			developmentRegion = English;
			hasScannedForEncodings = 0;
			knownRegions = (
				en,
				Base,
			);
			mainGroup = 27EC3D751B228003004042B2;
			productRefGroup = 27EC3D7F1B228003004042B2 /* Products */;
			projectDirPath = "";
			projectRoot = "";
			targets = (
				27EC3D7D1B228003004042B2 /* ZombieConga */,
				27EC3D961B228004004042B2 /* ZombieCongaTests */,
			);
		};
/* End PBXProject section */

/* Begin PBXResourcesBuildPhase section */
		27EC3D7C1B228003004042B2 /* Resources */ = {
			isa = PBXResourcesBuildPhase;
			buildActionMask = 2147483647;
			files = (
				274A3DDB1B2374CF00D8584E /* sprites.atlas in Resources */,
				274A3DE41B239EAB00D8584E /* MainMenu.png in Resources */,
				27EC3D921B228003004042B2 /* LaunchScreen.xib in Resources */,
				27EC3D8F1B228003004042B2 /* Images.xcassets in Resources */,
				274A3DE21B239EAB00D8584E /* background1.png in Resources */,
				274A3DE31B239EAB00D8584E /* background2.png in Resources */,
				274A3DE61B239EAB00D8584E /* YouWin.png in Resources */,
				274A3DE51B239EAB00D8584E /* YouLose.png in Resources */,
				27EC3D8D1B228003004042B2 /* Main.storyboard in Resources */,
			);
			runOnlyForDeploymentPostprocessing = 0;
		};
		27EC3D951B228004004042B2 /* Resources */ = {
			isa = PBXResourcesBuildPhase;
			buildActionMask = 2147483647;
			files = (
			);
			runOnlyForDeploymentPostprocessing = 0;
		};
/* End PBXResourcesBuildPhase section */

/* Begin PBXSourcesBuildPhase section */
		27EC3D7A1B228003004042B2 /* Sources */ = {
			isa = PBXSourcesBuildPhase;
			buildActionMask = 2147483647;
			files = (
				27EC3D881B228003004042B2 /* GameScene.swift in Sources */,
				27EC3D8A1B228003004042B2 /* GameViewController.swift in Sources */,
				27EC3D841B228003004042B2 /* AppDelegate.swift in Sources */,
			);
			runOnlyForDeploymentPostprocessing = 0;
		};
		27EC3D931B228004004042B2 /* Sources */ = {
			isa = PBXSourcesBuildPhase;
			buildActionMask = 2147483647;
			files = (
				27EC3D9E1B228004004042B2 /* ZombieCongaTests.swift in Sources */,
			);
			runOnlyForDeploymentPostprocessing = 0;
		};
/* End PBXSourcesBuildPhase section */

/* Begin PBXTargetDependency section */
		27EC3D991B228004004042B2 /* PBXTargetDependency */ = {
			isa = PBXTargetDependency;
			target = 27EC3D7D1B228003004042B2 /* ZombieConga */;
			targetProxy = 27EC3D981B228004004042B2 /* PBXContainerItemProxy */;
		};
/* End PBXTargetDependency section */

/* Begin PBXVariantGroup section */
		27EC3D8B1B228003004042B2 /* Main.storyboard */ = {
			isa = PBXVariantGroup;
			children = (
				27EC3D8C1B228003004042B2 /* Base */,
			);
			name = Main.storyboard;
			sourceTree = "<group>";
		};
		27EC3D901B228003004042B2 /* LaunchScreen.xib */ = {
			isa = PBXVariantGroup;
			children = (
				27EC3D911B228003004042B2 /* Base */,
			);
			name = LaunchScreen.xib;
			sourceTree = "<group>";
		};
/* End PBXVariantGroup section */

/* Begin XCBuildConfiguration section */
		27EC3D9F1B228004004042B2 /* Debug */ = {
			isa = XCBuildConfiguration;
			buildSettings = {
				ALWAYS_SEARCH_USER_PATHS = NO;
				CLANG_CXX_LANGUAGE_STANDARD = "gnu++0x";
				CLANG_CXX_LIBRARY = "libc++";
				CLANG_ENABLE_MODULES = YES;
				CLANG_ENABLE_OBJC_ARC = YES;
				CLANG_WARN_BOOL_CONVERSION = YES;
				CLANG_WARN_CONSTANT_CONVERSION = YES;
				CLANG_WARN_DIRECT_OBJC_ISA_USAGE = YES_ERROR;
				CLANG_WARN_EMPTY_BODY = YES;
				CLANG_WARN_ENUM_CONVERSION = YES;
				CLANG_WARN_INT_CONVERSION = YES;
				CLANG_WARN_OBJC_ROOT_CLASS = YES_ERROR;
				CLANG_WARN_UNREACHABLE_CODE = YES;
				CLANG_WARN__DUPLICATE_METHOD_MATCH = YES;
				"CODE_SIGN_IDENTITY[sdk=iphoneos*]" = "iPhone Developer";
				COPY_PHASE_STRIP = NO;
				DEBUG_INFORMATION_FORMAT = "dwarf-with-dsym";
				ENABLE_STRICT_OBJC_MSGSEND = YES;
				GCC_C_LANGUAGE_STANDARD = gnu99;
				GCC_DYNAMIC_NO_PIC = NO;
				GCC_NO_COMMON_BLOCKS = YES;
				GCC_OPTIMIZATION_LEVEL = 0;
				GCC_PREPROCESSOR_DEFINITIONS = (
					"DEBUG=1",
					"$(inherited)",
				);
				GCC_SYMBOLS_PRIVATE_EXTERN = NO;
				GCC_WARN_64_TO_32_BIT_CONVERSION = YES;
				GCC_WARN_ABOUT_RETURN_TYPE = YES_ERROR;
				GCC_WARN_UNDECLARED_SELECTOR = YES;
				GCC_WARN_UNINITIALIZED_AUTOS = YES_AGGRESSIVE;
				GCC_WARN_UNUSED_FUNCTION = YES;
				GCC_WARN_UNUSED_VARIABLE = YES;
				IPHONEOS_DEPLOYMENT_TARGET = 8.3;
				MTL_ENABLE_DEBUG_INFO = YES;
				ONLY_ACTIVE_ARCH = YES;
				SDKROOT = iphoneos;
				SWIFT_OPTIMIZATION_LEVEL = "-Onone";
				TARGETED_DEVICE_FAMILY = "1,2";
			};
			name = Debug;
		};
		27EC3DA01B228004004042B2 /* Release */ = {
			isa = XCBuildConfiguration;
			buildSettings = {
				ALWAYS_SEARCH_USER_PATHS = NO;
				CLANG_CXX_LANGUAGE_STANDARD = "gnu++0x";
				CLANG_CXX_LIBRARY = "libc++";
				CLANG_ENABLE_MODULES = YES;
				CLANG_ENABLE_OBJC_ARC = YES;
				CLANG_WARN_BOOL_CONVERSION = YES;
				CLANG_WARN_CONSTANT_CONVERSION = YES;
				CLANG_WARN_DIRECT_OBJC_ISA_USAGE = YES_ERROR;
				CLANG_WARN_EMPTY_BODY = YES;
				CLANG_WARN_ENUM_CONVERSION = YES;
				CLANG_WARN_INT_CONVERSION = YES;
				CLANG_WARN_OBJC_ROOT_CLASS = YES_ERROR;
				CLANG_WARN_UNREACHABLE_CODE = YES;
				CLANG_WARN__DUPLICATE_METHOD_MATCH = YES;
				"CODE_SIGN_IDENTITY[sdk=iphoneos*]" = "iPhone Developer";
				COPY_PHASE_STRIP = NO;
				DEBUG_INFORMATION_FORMAT = "dwarf-with-dsym";
				ENABLE_NS_ASSERTIONS = NO;
				ENABLE_STRICT_OBJC_MSGSEND = YES;
				GCC_C_LANGUAGE_STANDARD = gnu99;
				GCC_NO_COMMON_BLOCKS = YES;
				GCC_WARN_64_TO_32_BIT_CONVERSION = YES;
				GCC_WARN_ABOUT_RETURN_TYPE = YES_ERROR;
				GCC_WARN_UNDECLARED_SELECTOR = YES;
				GCC_WARN_UNINITIALIZED_AUTOS = YES_AGGRESSIVE;
				GCC_WARN_UNUSED_FUNCTION = YES;
				GCC_WARN_UNUSED_VARIABLE = YES;
				IPHONEOS_DEPLOYMENT_TARGET = 8.3;
				MTL_ENABLE_DEBUG_INFO = NO;
				SDKROOT = iphoneos;
				TARGETED_DEVICE_FAMILY = "1,2";
				VALIDATE_PRODUCT = YES;
			};
			name = Release;
		};
		27EC3DA21B228004004042B2 /* Debug */ = {
			isa = XCBuildConfiguration;
			buildSettings = {
				ASSETCATALOG_COMPILER_APPICON_NAME = AppIcon;
				INFOPLIST_FILE = ZombieConga/Info.plist;
				LD_RUNPATH_SEARCH_PATHS = "$(inherited) @executable_path/Frameworks";
				PRODUCT_NAME = "$(TARGET_NAME)";
			};
			name = Debug;
		};
		27EC3DA31B228004004042B2 /* Release */ = {
			isa = XCBuildConfiguration;
			buildSettings = {
				ASSETCATALOG_COMPILER_APPICON_NAME = AppIcon;
				INFOPLIST_FILE = ZombieConga/Info.plist;
				LD_RUNPATH_SEARCH_PATHS = "$(inherited) @executable_path/Frameworks";
				PRODUCT_NAME = "$(TARGET_NAME)";
			};
			name = Release;
		};
		27EC3DA51B228004004042B2 /* Debug */ = {
			isa = XCBuildConfiguration;
			buildSettings = {
				BUNDLE_LOADER = "$(TEST_HOST)";
				FRAMEWORK_SEARCH_PATHS = (
					"$(SDKROOT)/Developer/Library/Frameworks",
					"$(inherited)",
				);
				GCC_PREPROCESSOR_DEFINITIONS = (
					"DEBUG=1",
					"$(inherited)",
				);
				INFOPLIST_FILE = ZombieCongaTests/Info.plist;
				LD_RUNPATH_SEARCH_PATHS = "$(inherited) @executable_path/Frameworks @loader_path/Frameworks";
				PRODUCT_NAME = "$(TARGET_NAME)";
				TEST_HOST = "$(BUILT_PRODUCTS_DIR)/ZombieConga.app/ZombieConga";
			};
			name = Debug;
		};
		27EC3DA61B228004004042B2 /* Release */ = {
			isa = XCBuildConfiguration;
			buildSettings = {
				BUNDLE_LOADER = "$(TEST_HOST)";
				FRAMEWORK_SEARCH_PATHS = (
					"$(SDKROOT)/Developer/Library/Frameworks",
					"$(inherited)",
				);
				INFOPLIST_FILE = ZombieCongaTests/Info.plist;
				LD_RUNPATH_SEARCH_PATHS = "$(inherited) @executable_path/Frameworks @loader_path/Frameworks";
				PRODUCT_NAME = "$(TARGET_NAME)";
				TEST_HOST = "$(BUILT_PRODUCTS_DIR)/ZombieConga.app/ZombieConga";
			};
			name = Release;
		};
/* End XCBuildConfiguration section */

/* Begin XCConfigurationList section */
		27EC3D791B228003004042B2 /* Build configuration list for PBXProject "ZombieConga" */ = {
			isa = XCConfigurationList;
			buildConfigurations = (
				27EC3D9F1B228004004042B2 /* Debug */,
				27EC3DA01B228004004042B2 /* Release */,
			);
			defaultConfigurationIsVisible = 0;
			defaultConfigurationName = Release;
		};
		27EC3DA11B228004004042B2 /* Build configuration list for PBXNativeTarget "ZombieConga" */ = {
			isa = XCConfigurationList;
			buildConfigurations = (
				27EC3DA21B228004004042B2 /* Debug */,
				27EC3DA31B228004004042B2 /* Release */,
			);
			defaultConfigurationIsVisible = 0;
			defaultConfigurationName = Release;
		};
		27EC3DA41B228004004042B2 /* Build configuration list for PBXNativeTarget "ZombieCongaTests" */ = {
			isa = XCConfigurationList;
			buildConfigurations = (
				27EC3DA51B228004004042B2 /* Debug */,
				27EC3DA61B228004004042B2 /* Release */,
			);
			defaultConfigurationIsVisible = 0;
			defaultConfigurationName = Release;
		};
/* End XCConfigurationList section */
	};
	rootObject = 27EC3D761B228003004042B2 /* Project object */;
}
